
Microsoft Visual Studio Solution File, Format Version 12.00
# Visual Studio Version 16
VisualStudioVersion = 16.0.29926.136
MinimumVisualStudioVersion = 15.0.26124.0
Project("{2150E333-8FDC-42A3-9474-1A3956D46DE8}") = "src", "src", "{52AD2564-92E7-4BEC-BE3A-F2C4E4F841B1}"
EndProject
Project("{9A19103F-16F7-4668-BE54-9A1E7A4F7556}") = "Application", "src\Application\Application.csproj", "{720864B7-2510-4225-8E8C-95B76CA6412F}"
EndProject
Project("{9A19103F-16F7-4668-BE54-9A1E7A4F7556}") = "Common", "src\Common\Common.csproj", "{5509ED74-46E5-4ECD-95A8-AC88635D63E3}"
EndProject
Project("{9A19103F-16F7-4668-BE54-9A1E7A4F7556}") = "DumpItemsMod", "src\DumpItemsMod\DumpItemsMod.csproj", "{A2E2C023-98B6-4309-9F95-1C3E51F58A1B}"
EndProject
Project("{9A19103F-16F7-4668-BE54-9A1E7A4F7556}") = "GameMod", "src\GameMod\GameMod.csproj", "{A73A9C6E-6696-4503-B84E-95698C105DFD}"
EndProject
Project("{9A19103F-16F7-4668-BE54-9A1E7A4F7556}") = "Domain", "src\Domain\Domain.csproj", "{1B5F5453-E5B3-4A87-99DA-724421A9851C}"
EndProject
Project("{9A19103F-16F7-4668-BE54-9A1E7A4F7556}") = "Infrastructure", "src\Infrastructure\Infrastructure.csproj", "{2682C196-A86C-4F1F-B6B9-0511E5BB7A31}"
EndProject
Project("{9A19103F-16F7-4668-BE54-9A1E7A4F7556}") = "Persistence", "src\Persistence\Persistence.csproj", "{3E574673-9E8D-466C-944F-717C01060A08}"
EndProject
Project("{9A19103F-16F7-4668-BE54-9A1E7A4F7556}") = "WebApi", "src\WebApi\WebApi.csproj", "{16DECD57-E32D-4477-9A84-C73B39F1FE40}"
EndProject
Project("{2150E333-8FDC-42A3-9474-1A3956D46DE8}") = "test", "test", "{28C4EC63-349A-4D4E-8831-77D014AAE188}"
EndProject
Project("{9A19103F-16F7-4668-BE54-9A1E7A4F7556}") = "Application.UTest", "test\Application.UTest\Application.UTest.csproj", "{BCB7C170-1214-486B-9933-D4904A12A3D0}"
EndProject
Project("{9A19103F-16F7-4668-BE54-9A1E7A4F7556}") = "Persistence.UTest", "test\Persistence.UTest\Persistence.UTest.csproj", "{4F8BFE7F-1370-4601-82F1-A7AFC0C5B78E}"
EndProject
Project("{9A19103F-16F7-4668-BE54-9A1E7A4F7556}") = "Common.UTest", "test\Common.UTest\Common.UTest.csproj", "{1AA46A69-F6BD-4BED-9CD4-CAD9DF4BE09F}"
EndProject
Global
	GlobalSection(SolutionConfigurationPlatforms) = preSolution
		Debug|Any CPU = Debug|Any CPU
		Release|Any CPU = Release|Any CPU
	EndGlobalSection
	GlobalSection(ProjectConfigurationPlatforms) = postSolution
		{720864B7-2510-4225-8E8C-95B76CA6412F}.Debug|Any CPU.ActiveCfg = Debug|Any CPU
		{720864B7-2510-4225-8E8C-95B76CA6412F}.Debug|Any CPU.Build.0 = Debug|Any CPU
		{720864B7-2510-4225-8E8C-95B76CA6412F}.Release|Any CPU.ActiveCfg = Release|Any CPU
		{720864B7-2510-4225-8E8C-95B76CA6412F}.Release|Any CPU.Build.0 = Release|Any CPU
		{5509ED74-46E5-4ECD-95A8-AC88635D63E3}.Debug|Any CPU.ActiveCfg = Debug|Any CPU
		{5509ED74-46E5-4ECD-95A8-AC88635D63E3}.Debug|Any CPU.Build.0 = Debug|Any CPU
		{5509ED74-46E5-4ECD-95A8-AC88635D63E3}.Release|Any CPU.ActiveCfg = Release|Any CPU
		{5509ED74-46E5-4ECD-95A8-AC88635D63E3}.Release|Any CPU.Build.0 = Release|Any CPU
		{A2E2C023-98B6-4309-9F95-1C3E51F58A1B}.Debug|Any CPU.ActiveCfg = Debug|Any CPU
		{A2E2C023-98B6-4309-9F95-1C3E51F58A1B}.Debug|Any CPU.Build.0 = Debug|Any CPU
		{A2E2C023-98B6-4309-9F95-1C3E51F58A1B}.Release|Any CPU.ActiveCfg = Release|Any CPU
		{A2E2C023-98B6-4309-9F95-1C3E51F58A1B}.Release|Any CPU.Build.0 = Release|Any CPU
		{A73A9C6E-6696-4503-B84E-95698C105DFD}.Debug|Any CPU.ActiveCfg = Debug|Any CPU
		{A73A9C6E-6696-4503-B84E-95698C105DFD}.Debug|Any CPU.Build.0 = Debug|Any CPU
		{A73A9C6E-6696-4503-B84E-95698C105DFD}.Release|Any CPU.ActiveCfg = Release|Any CPU
		{A73A9C6E-6696-4503-B84E-95698C105DFD}.Release|Any CPU.Build.0 = Release|Any CPU
		{1B5F5453-E5B3-4A87-99DA-724421A9851C}.Debug|Any CPU.ActiveCfg = Debug|Any CPU
		{1B5F5453-E5B3-4A87-99DA-724421A9851C}.Debug|Any CPU.Build.0 = Debug|Any CPU
		{1B5F5453-E5B3-4A87-99DA-724421A9851C}.Release|Any CPU.ActiveCfg = Release|Any CPU
		{1B5F5453-E5B3-4A87-99DA-724421A9851C}.Release|Any CPU.Build.0 = Release|Any CPU
		{2682C196-A86C-4F1F-B6B9-0511E5BB7A31}.Debug|Any CPU.ActiveCfg = Debug|Any CPU
		{2682C196-A86C-4F1F-B6B9-0511E5BB7A31}.Debug|Any CPU.Build.0 = Debug|Any CPU
		{2682C196-A86C-4F1F-B6B9-0511E5BB7A31}.Release|Any CPU.ActiveCfg = Release|Any CPU
		{2682C196-A86C-4F1F-B6B9-0511E5BB7A31}.Release|Any CPU.Build.0 = Release|Any CPU
		{3E574673-9E8D-466C-944F-717C01060A08}.Debug|Any CPU.ActiveCfg = Debug|Any CPU
		{3E574673-9E8D-466C-944F-717C01060A08}.Debug|Any CPU.Build.0 = Debug|Any CPU
		{3E574673-9E8D-466C-944F-717C01060A08}.Release|Any CPU.ActiveCfg = Release|Any CPU
		{3E574673-9E8D-466C-944F-717C01060A08}.Release|Any CPU.Build.0 = Release|Any CPU
		{16DECD57-E32D-4477-9A84-C73B39F1FE40}.Debug|Any CPU.ActiveCfg = Debug|Any CPU
		{16DECD57-E32D-4477-9A84-C73B39F1FE40}.Debug|Any CPU.Build.0 = Debug|Any CPU
		{16DECD57-E32D-4477-9A84-C73B39F1FE40}.Release|Any CPU.ActiveCfg = Release|Any CPU
		{16DECD57-E32D-4477-9A84-C73B39F1FE40}.Release|Any CPU.Build.0 = Release|Any CPU
		{BCB7C170-1214-486B-9933-D4904A12A3D0}.Debug|Any CPU.ActiveCfg = Debug|Any CPU
		{BCB7C170-1214-486B-9933-D4904A12A3D0}.Debug|Any CPU.Build.0 = Debug|Any CPU
		{BCB7C170-1214-486B-9933-D4904A12A3D0}.Release|Any CPU.ActiveCfg = Release|Any CPU
		{BCB7C170-1214-486B-9933-D4904A12A3D0}.Release|Any CPU.Build.0 = Release|Any CPU
		{4F8BFE7F-1370-4601-82F1-A7AFC0C5B78E}.Debug|Any CPU.ActiveCfg = Debug|Any CPU
		{4F8BFE7F-1370-4601-82F1-A7AFC0C5B78E}.Debug|Any CPU.Build.0 = Debug|Any CPU
		{4F8BFE7F-1370-4601-82F1-A7AFC0C5B78E}.Release|Any CPU.ActiveCfg = Release|Any CPU
		{4F8BFE7F-1370-4601-82F1-A7AFC0C5B78E}.Release|Any CPU.Build.0 = Release|Any CPU
		{1AA46A69-F6BD-4BED-9CD4-CAD9DF4BE09F}.Debug|Any CPU.ActiveCfg = Debug|Any CPU
		{1AA46A69-F6BD-4BED-9CD4-CAD9DF4BE09F}.Debug|Any CPU.Build.0 = Debug|Any CPU
		{1AA46A69-F6BD-4BED-9CD4-CAD9DF4BE09F}.Release|Any CPU.ActiveCfg = Release|Any CPU
		{1AA46A69-F6BD-4BED-9CD4-CAD9DF4BE09F}.Release|Any CPU.Build.0 = Release|Any CPU
	EndGlobalSection
	GlobalSection(SolutionProperties) = preSolution
		HideSolutionNode = FALSE
	EndGlobalSection
	GlobalSection(ExtensibilityGlobals) = postSolution
		SolutionGuid = {7D8F9EF0-F5EC-4B57-AB48-B8DD5B9FA206}
		        SolutionGuid = {40CA755A-A917-468D-80F2-E4988A5ECE5C}
	EndGlobalSection
EndGlobal
