
Microsoft Visual Studio Solution File, Format Version 12.00
# Visual Studio 15
VisualStudioVersion = 15.0.26124.0
MinimumVisualStudioVersion = 15.0.26124.0
Project("{2150E333-8FDC-42A3-9474-1A3956D46DE8}") = "src", "src", "{52AD2564-92E7-4BEC-BE3A-F2C4E4F841B1}"
EndProject
Project("{FAE04EC0-301F-11D3-BF4B-00C04F79EFBC}") = "Application", "src\Application\Application.csproj", "{720864B7-2510-4225-8E8C-95B76CA6412F}"
EndProject
Project("{FAE04EC0-301F-11D3-BF4B-00C04F79EFBC}") = "Common", "src\Common\Common.csproj", "{5509ED74-46E5-4ECD-95A8-AC88635D63E3}"
EndProject
Project("{FAE04EC0-301F-11D3-BF4B-00C04F79EFBC}") = "Domain", "src\Domain\Domain.csproj", "{1B5F5453-E5B3-4A87-99DA-724421A9851C}"
EndProject
Project("{FAE04EC0-301F-11D3-BF4B-00C04F79EFBC}") = "Infrastructure", "src\Infrastructure\Infrastructure.csproj", "{2682C196-A86C-4F1F-B6B9-0511E5BB7A31}"
EndProject
Project("{FAE04EC0-301F-11D3-BF4B-00C04F79EFBC}") = "Persistence", "src\Persistence\Persistence.csproj", "{3E574673-9E8D-466C-944F-717C01060A08}"
EndProject
Project("{FAE04EC0-301F-11D3-BF4B-00C04F79EFBC}") = "Web", "src\Web\Web.csproj", "{16DECD57-E32D-4477-9A84-C73B39F1FE40}"
EndProject
Project("{2150E333-8FDC-42A3-9474-1A3956D46DE8}") = "test", "test", "{28C4EC63-349A-4D4E-8831-77D014AAE188}"
EndProject
Project("{FAE04EC0-301F-11D3-BF4B-00C04F79EFBC}") = "Application.UTest", "test\Application.UTest\Application.UTest.csproj", "{BCB7C170-1214-486B-9933-D4904A12A3D0}"
EndProject
Project("{FAE04EC0-301F-11D3-BF4B-00C04F79EFBC}") = "Cli", "src\Cli\Cli.csproj", "{4F92CCDB-26E5-447F-9CE6-5E2B8CDA9489}"
EndProject
Project("{FAE04EC0-301F-11D3-BF4B-00C04F79EFBC}") = "Persistence.UTest", "test\Persistence.UTest\Persistence.UTest.csproj", "{4F8BFE7F-1370-4601-82F1-A7AFC0C5B78E}"
EndProject
Global
	GlobalSection(SolutionProperties) = preSolution
		HideSolutionNode = FALSE
	EndGlobalSection
	GlobalSection(SolutionConfigurationPlatforms) = preSolution
		Debug|Any CPU = Debug|Any CPU
		Debug|x64 = Debug|x64
		Debug|x86 = Debug|x86
		Release|Any CPU = Release|Any CPU
		Release|x64 = Release|x64
		Release|x86 = Release|x86
	EndGlobalSection
	GlobalSection(ProjectConfigurationPlatforms) = postSolution
		{720864B7-2510-4225-8E8C-95B76CA6412F}.Debug|Any CPU.ActiveCfg = Debug|Any CPU
		{720864B7-2510-4225-8E8C-95B76CA6412F}.Debug|Any CPU.Build.0 = Debug|Any CPU
		{720864B7-2510-4225-8E8C-95B76CA6412F}.Debug|x64.ActiveCfg = Debug|Any CPU
		{720864B7-2510-4225-8E8C-95B76CA6412F}.Debug|x64.Build.0 = Debug|Any CPU
		{720864B7-2510-4225-8E8C-95B76CA6412F}.Debug|x86.ActiveCfg = Debug|Any CPU
		{720864B7-2510-4225-8E8C-95B76CA6412F}.Debug|x86.Build.0 = Debug|Any CPU
		{720864B7-2510-4225-8E8C-95B76CA6412F}.Release|Any CPU.ActiveCfg = Release|Any CPU
		{720864B7-2510-4225-8E8C-95B76CA6412F}.Release|Any CPU.Build.0 = Release|Any CPU
		{720864B7-2510-4225-8E8C-95B76CA6412F}.Release|x64.ActiveCfg = Release|Any CPU
		{720864B7-2510-4225-8E8C-95B76CA6412F}.Release|x64.Build.0 = Release|Any CPU
		{720864B7-2510-4225-8E8C-95B76CA6412F}.Release|x86.ActiveCfg = Release|Any CPU
		{720864B7-2510-4225-8E8C-95B76CA6412F}.Release|x86.Build.0 = Release|Any CPU
		{5509ED74-46E5-4ECD-95A8-AC88635D63E3}.Debug|Any CPU.ActiveCfg = Debug|Any CPU
		{5509ED74-46E5-4ECD-95A8-AC88635D63E3}.Debug|Any CPU.Build.0 = Debug|Any CPU
		{5509ED74-46E5-4ECD-95A8-AC88635D63E3}.Debug|x64.ActiveCfg = Debug|Any CPU
		{5509ED74-46E5-4ECD-95A8-AC88635D63E3}.Debug|x64.Build.0 = Debug|Any CPU
		{5509ED74-46E5-4ECD-95A8-AC88635D63E3}.Debug|x86.ActiveCfg = Debug|Any CPU
		{5509ED74-46E5-4ECD-95A8-AC88635D63E3}.Debug|x86.Build.0 = Debug|Any CPU
		{5509ED74-46E5-4ECD-95A8-AC88635D63E3}.Release|Any CPU.ActiveCfg = Release|Any CPU
		{5509ED74-46E5-4ECD-95A8-AC88635D63E3}.Release|Any CPU.Build.0 = Release|Any CPU
		{5509ED74-46E5-4ECD-95A8-AC88635D63E3}.Release|x64.ActiveCfg = Release|Any CPU
		{5509ED74-46E5-4ECD-95A8-AC88635D63E3}.Release|x64.Build.0 = Release|Any CPU
		{5509ED74-46E5-4ECD-95A8-AC88635D63E3}.Release|x86.ActiveCfg = Release|Any CPU
		{5509ED74-46E5-4ECD-95A8-AC88635D63E3}.Release|x86.Build.0 = Release|Any CPU
		{1B5F5453-E5B3-4A87-99DA-724421A9851C}.Debug|Any CPU.ActiveCfg = Debug|Any CPU
		{1B5F5453-E5B3-4A87-99DA-724421A9851C}.Debug|Any CPU.Build.0 = Debug|Any CPU
		{1B5F5453-E5B3-4A87-99DA-724421A9851C}.Debug|x64.ActiveCfg = Debug|Any CPU
		{1B5F5453-E5B3-4A87-99DA-724421A9851C}.Debug|x64.Build.0 = Debug|Any CPU
		{1B5F5453-E5B3-4A87-99DA-724421A9851C}.Debug|x86.ActiveCfg = Debug|Any CPU
		{1B5F5453-E5B3-4A87-99DA-724421A9851C}.Debug|x86.Build.0 = Debug|Any CPU
		{1B5F5453-E5B3-4A87-99DA-724421A9851C}.Release|Any CPU.ActiveCfg = Release|Any CPU
		{1B5F5453-E5B3-4A87-99DA-724421A9851C}.Release|Any CPU.Build.0 = Release|Any CPU
		{1B5F5453-E5B3-4A87-99DA-724421A9851C}.Release|x64.ActiveCfg = Release|Any CPU
		{1B5F5453-E5B3-4A87-99DA-724421A9851C}.Release|x64.Build.0 = Release|Any CPU
		{1B5F5453-E5B3-4A87-99DA-724421A9851C}.Release|x86.ActiveCfg = Release|Any CPU
		{1B5F5453-E5B3-4A87-99DA-724421A9851C}.Release|x86.Build.0 = Release|Any CPU
		{2682C196-A86C-4F1F-B6B9-0511E5BB7A31}.Debug|Any CPU.ActiveCfg = Debug|Any CPU
		{2682C196-A86C-4F1F-B6B9-0511E5BB7A31}.Debug|Any CPU.Build.0 = Debug|Any CPU
		{2682C196-A86C-4F1F-B6B9-0511E5BB7A31}.Debug|x64.ActiveCfg = Debug|Any CPU
		{2682C196-A86C-4F1F-B6B9-0511E5BB7A31}.Debug|x64.Build.0 = Debug|Any CPU
		{2682C196-A86C-4F1F-B6B9-0511E5BB7A31}.Debug|x86.ActiveCfg = Debug|Any CPU
		{2682C196-A86C-4F1F-B6B9-0511E5BB7A31}.Debug|x86.Build.0 = Debug|Any CPU
		{2682C196-A86C-4F1F-B6B9-0511E5BB7A31}.Release|Any CPU.ActiveCfg = Release|Any CPU
		{2682C196-A86C-4F1F-B6B9-0511E5BB7A31}.Release|Any CPU.Build.0 = Release|Any CPU
		{2682C196-A86C-4F1F-B6B9-0511E5BB7A31}.Release|x64.ActiveCfg = Release|Any CPU
		{2682C196-A86C-4F1F-B6B9-0511E5BB7A31}.Release|x64.Build.0 = Release|Any CPU
		{2682C196-A86C-4F1F-B6B9-0511E5BB7A31}.Release|x86.ActiveCfg = Release|Any CPU
		{2682C196-A86C-4F1F-B6B9-0511E5BB7A31}.Release|x86.Build.0 = Release|Any CPU
		{3E574673-9E8D-466C-944F-717C01060A08}.Debug|Any CPU.ActiveCfg = Debug|Any CPU
		{3E574673-9E8D-466C-944F-717C01060A08}.Debug|Any CPU.Build.0 = Debug|Any CPU
		{3E574673-9E8D-466C-944F-717C01060A08}.Debug|x64.ActiveCfg = Debug|Any CPU
		{3E574673-9E8D-466C-944F-717C01060A08}.Debug|x64.Build.0 = Debug|Any CPU
		{3E574673-9E8D-466C-944F-717C01060A08}.Debug|x86.ActiveCfg = Debug|Any CPU
		{3E574673-9E8D-466C-944F-717C01060A08}.Debug|x86.Build.0 = Debug|Any CPU
		{3E574673-9E8D-466C-944F-717C01060A08}.Release|Any CPU.ActiveCfg = Release|Any CPU
		{3E574673-9E8D-466C-944F-717C01060A08}.Release|Any CPU.Build.0 = Release|Any CPU
		{3E574673-9E8D-466C-944F-717C01060A08}.Release|x64.ActiveCfg = Release|Any CPU
		{3E574673-9E8D-466C-944F-717C01060A08}.Release|x64.Build.0 = Release|Any CPU
		{3E574673-9E8D-466C-944F-717C01060A08}.Release|x86.ActiveCfg = Release|Any CPU
		{3E574673-9E8D-466C-944F-717C01060A08}.Release|x86.Build.0 = Release|Any CPU
		{16DECD57-E32D-4477-9A84-C73B39F1FE40}.Debug|Any CPU.ActiveCfg = Debug|Any CPU
		{16DECD57-E32D-4477-9A84-C73B39F1FE40}.Debug|Any CPU.Build.0 = Debug|Any CPU
		{16DECD57-E32D-4477-9A84-C73B39F1FE40}.Debug|x64.ActiveCfg = Debug|Any CPU
		{16DECD57-E32D-4477-9A84-C73B39F1FE40}.Debug|x64.Build.0 = Debug|Any CPU
		{16DECD57-E32D-4477-9A84-C73B39F1FE40}.Debug|x86.ActiveCfg = Debug|Any CPU
		{16DECD57-E32D-4477-9A84-C73B39F1FE40}.Debug|x86.Build.0 = Debug|Any CPU
		{16DECD57-E32D-4477-9A84-C73B39F1FE40}.Release|Any CPU.ActiveCfg = Release|Any CPU
		{16DECD57-E32D-4477-9A84-C73B39F1FE40}.Release|Any CPU.Build.0 = Release|Any CPU
		{16DECD57-E32D-4477-9A84-C73B39F1FE40}.Release|x64.ActiveCfg = Release|Any CPU
		{16DECD57-E32D-4477-9A84-C73B39F1FE40}.Release|x64.Build.0 = Release|Any CPU
		{16DECD57-E32D-4477-9A84-C73B39F1FE40}.Release|x86.ActiveCfg = Release|Any CPU
		{16DECD57-E32D-4477-9A84-C73B39F1FE40}.Release|x86.Build.0 = Release|Any CPU
		{BCB7C170-1214-486B-9933-D4904A12A3D0}.Debug|Any CPU.ActiveCfg = Debug|Any CPU
		{BCB7C170-1214-486B-9933-D4904A12A3D0}.Debug|Any CPU.Build.0 = Debug|Any CPU
		{BCB7C170-1214-486B-9933-D4904A12A3D0}.Debug|x64.ActiveCfg = Debug|Any CPU
		{BCB7C170-1214-486B-9933-D4904A12A3D0}.Debug|x64.Build.0 = Debug|Any CPU
		{BCB7C170-1214-486B-9933-D4904A12A3D0}.Debug|x86.ActiveCfg = Debug|Any CPU
		{BCB7C170-1214-486B-9933-D4904A12A3D0}.Debug|x86.Build.0 = Debug|Any CPU
		{BCB7C170-1214-486B-9933-D4904A12A3D0}.Release|Any CPU.ActiveCfg = Release|Any CPU
		{BCB7C170-1214-486B-9933-D4904A12A3D0}.Release|Any CPU.Build.0 = Release|Any CPU
		{BCB7C170-1214-486B-9933-D4904A12A3D0}.Release|x64.ActiveCfg = Release|Any CPU
		{BCB7C170-1214-486B-9933-D4904A12A3D0}.Release|x64.Build.0 = Release|Any CPU
		{BCB7C170-1214-486B-9933-D4904A12A3D0}.Release|x86.ActiveCfg = Release|Any CPU
		{BCB7C170-1214-486B-9933-D4904A12A3D0}.Release|x86.Build.0 = Release|Any CPU
		{4F92CCDB-26E5-447F-9CE6-5E2B8CDA9489}.Debug|Any CPU.ActiveCfg = Debug|Any CPU
		{4F92CCDB-26E5-447F-9CE6-5E2B8CDA9489}.Debug|Any CPU.Build.0 = Debug|Any CPU
		{4F92CCDB-26E5-447F-9CE6-5E2B8CDA9489}.Debug|x64.ActiveCfg = Debug|Any CPU
		{4F92CCDB-26E5-447F-9CE6-5E2B8CDA9489}.Debug|x64.Build.0 = Debug|Any CPU
		{4F92CCDB-26E5-447F-9CE6-5E2B8CDA9489}.Debug|x86.ActiveCfg = Debug|Any CPU
		{4F92CCDB-26E5-447F-9CE6-5E2B8CDA9489}.Debug|x86.Build.0 = Debug|Any CPU
		{4F92CCDB-26E5-447F-9CE6-5E2B8CDA9489}.Release|Any CPU.ActiveCfg = Release|Any CPU
		{4F92CCDB-26E5-447F-9CE6-5E2B8CDA9489}.Release|Any CPU.Build.0 = Release|Any CPU
		{4F92CCDB-26E5-447F-9CE6-5E2B8CDA9489}.Release|x64.ActiveCfg = Release|Any CPU
		{4F92CCDB-26E5-447F-9CE6-5E2B8CDA9489}.Release|x64.Build.0 = Release|Any CPU
		{4F92CCDB-26E5-447F-9CE6-5E2B8CDA9489}.Release|x86.ActiveCfg = Release|Any CPU
		{4F92CCDB-26E5-447F-9CE6-5E2B8CDA9489}.Release|x86.Build.0 = Release|Any CPU
		{4F8BFE7F-1370-4601-82F1-A7AFC0C5B78E}.Debug|Any CPU.ActiveCfg = Debug|Any CPU
		{4F8BFE7F-1370-4601-82F1-A7AFC0C5B78E}.Debug|Any CPU.Build.0 = Debug|Any CPU
		{4F8BFE7F-1370-4601-82F1-A7AFC0C5B78E}.Debug|x64.ActiveCfg = Debug|Any CPU
		{4F8BFE7F-1370-4601-82F1-A7AFC0C5B78E}.Debug|x64.Build.0 = Debug|Any CPU
		{4F8BFE7F-1370-4601-82F1-A7AFC0C5B78E}.Debug|x86.ActiveCfg = Debug|Any CPU
		{4F8BFE7F-1370-4601-82F1-A7AFC0C5B78E}.Debug|x86.Build.0 = Debug|Any CPU
		{4F8BFE7F-1370-4601-82F1-A7AFC0C5B78E}.Release|Any CPU.ActiveCfg = Release|Any CPU
		{4F8BFE7F-1370-4601-82F1-A7AFC0C5B78E}.Release|Any CPU.Build.0 = Release|Any CPU
		{4F8BFE7F-1370-4601-82F1-A7AFC0C5B78E}.Release|x64.ActiveCfg = Release|Any CPU
		{4F8BFE7F-1370-4601-82F1-A7AFC0C5B78E}.Release|x64.Build.0 = Release|Any CPU
		{4F8BFE7F-1370-4601-82F1-A7AFC0C5B78E}.Release|x86.ActiveCfg = Release|Any CPU
		{4F8BFE7F-1370-4601-82F1-A7AFC0C5B78E}.Release|x86.Build.0 = Release|Any CPU
	EndGlobalSection
	GlobalSection(NestedProjects) = preSolution
		{720864B7-2510-4225-8E8C-95B76CA6412F} = {52AD2564-92E7-4BEC-BE3A-F2C4E4F841B1}
		{5509ED74-46E5-4ECD-95A8-AC88635D63E3} = {52AD2564-92E7-4BEC-BE3A-F2C4E4F841B1}
		{1B5F5453-E5B3-4A87-99DA-724421A9851C} = {52AD2564-92E7-4BEC-BE3A-F2C4E4F841B1}
		{2682C196-A86C-4F1F-B6B9-0511E5BB7A31} = {52AD2564-92E7-4BEC-BE3A-F2C4E4F841B1}
		{3E574673-9E8D-466C-944F-717C01060A08} = {52AD2564-92E7-4BEC-BE3A-F2C4E4F841B1}
		{16DECD57-E32D-4477-9A84-C73B39F1FE40} = {52AD2564-92E7-4BEC-BE3A-F2C4E4F841B1}
		{BCB7C170-1214-486B-9933-D4904A12A3D0} = {28C4EC63-349A-4D4E-8831-77D014AAE188}
		{4F92CCDB-26E5-447F-9CE6-5E2B8CDA9489} = {52AD2564-92E7-4BEC-BE3A-F2C4E4F841B1}
		{4F8BFE7F-1370-4601-82F1-A7AFC0C5B78E} = {28C4EC63-349A-4D4E-8831-77D014AAE188}
	EndGlobalSection
EndGlobal
