
Microsoft Visual Studio Solution File, Format Version 12.00
# Visual Studio Version 17
VisualStudioVersion = 17.3.32825.248
MinimumVisualStudioVersion = 15.0.26124.0
Project("{2150E333-8FDC-42A3-9474-1A3956D46DE8}") = "src", "src", "{52AD2564-92E7-4BEC-BE3A-F2C4E4F841B1}"
EndProject
Project("{9A19103F-16F7-4668-BE54-9A1E7A4F7556}") = "Application", "src\Application\Application.csproj", "{720864B7-2510-4225-8E8C-95B76CA6412F}"
EndProject
Project("{9A19103F-16F7-4668-BE54-9A1E7A4F7556}") = "Common", "src\Common\Common.csproj", "{5509ED74-46E5-4ECD-95A8-AC88635D63E3}"
EndProject
Project("{9A19103F-16F7-4668-BE54-9A1E7A4F7556}") = "Domain", "src\Domain\Domain.csproj", "{1B5F5453-E5B3-4A87-99DA-724421A9851C}"
EndProject
Project("{9A19103F-16F7-4668-BE54-9A1E7A4F7556}") = "Sdk", "src\Sdk\Sdk.csproj", "{2682C196-A86C-4F1F-B6B9-0511E5BB7A31}"
EndProject
Project("{9A19103F-16F7-4668-BE54-9A1E7A4F7556}") = "Persistence", "src\Persistence\Persistence.csproj", "{3E574673-9E8D-466C-944F-717C01060A08}"
EndProject
Project("{9A19103F-16F7-4668-BE54-9A1E7A4F7556}") = "WebApi", "src\WebApi\WebApi.csproj", "{16DECD57-E32D-4477-9A84-C73B39F1FE40}"
EndProject
Project("{2150E333-8FDC-42A3-9474-1A3956D46DE8}") = "test", "test", "{28C4EC63-349A-4D4E-8831-77D014AAE188}"
EndProject
Project("{9A19103F-16F7-4668-BE54-9A1E7A4F7556}") = "Application.UTest", "test\Application.UTest\Application.UTest.csproj", "{BCB7C170-1214-486B-9933-D4904A12A3D0}"
EndProject
Project("{9A19103F-16F7-4668-BE54-9A1E7A4F7556}") = "Persistence.UTest", "test\Persistence.UTest\Persistence.UTest.csproj", "{4F8BFE7F-1370-4601-82F1-A7AFC0C5B78E}"
EndProject
Project("{9A19103F-16F7-4668-BE54-9A1E7A4F7556}") = "Common.UTest", "test\Common.UTest\Common.UTest.csproj", "{1AA46A69-F6BD-4BED-9CD4-CAD9DF4BE09F}"
EndProject
Project("{9A19103F-16F7-4668-BE54-9A1E7A4F7556}") = "Sdk.UTest", "test\Sdk.UTest\Sdk.UTest.csproj", "{CB105E25-CBFB-4002-AD39-26F45F5779D1}"
EndProject
Project("{9A19103F-16F7-4668-BE54-9A1E7A4F7556}") = "Sdk.Abstractions", "src\Sdk.Abstractions\Sdk.Abstractions.csproj", "{DD79FF30-7E86-41CE-8A35-00FCC50D2252}"
EndProject
Project("{2150E333-8FDC-42A3-9474-1A3956D46DE8}") = "data", "data", "{5C7B1CBA-1CE0-4E05-B9B4-53EF21B17746}"
	ProjectSection(SolutionItems) = preProject
		data\constants.json = data\constants.json
		data\item-modifiers.json = data\item-modifiers.json
		data\items.json = data\items.json
		data\settlements.json = data\settlements.json
	EndProjectSection
EndProject
Project("{9A19103F-16F7-4668-BE54-9A1E7A4F7556}") = "Logging", "src\Logging\Logging.csproj", "{9AF9F1A6-9A96-4E15-97A9-17A4996FE110}"
EndProject
Project("{9A19103F-16F7-4668-BE54-9A1E7A4F7556}") = "Module.Server", "src\Module.Server\Module.Server.csproj", "{4E19AEDB-C392-41BA-AF6F-FDB015DC3EA3}"
EndProject
Project("{9A19103F-16F7-4668-BE54-9A1E7A4F7556}") = "Module.Client", "src\Module.Client\Module.Client.csproj", "{4A8C7B47-6A77-47D0-BEAC-7BF2C4952B31}"
EndProject
Project("{9A19103F-16F7-4668-BE54-9A1E7A4F7556}") = "cRPGLauncher", "src\cRPGUpdater\cRPGLauncher.csproj", "{4E0D02E7-63E8-4A94-ABBC-A672EE527639}"
EndProject
Global
	GlobalSection(SolutionConfigurationPlatforms) = preSolution
		Debug|Any CPU = Debug|Any CPU
		Debug|x64 = Debug|x64
		Debug|x86 = Debug|x86
		Release|Any CPU = Release|Any CPU
		Release|x64 = Release|x64
		Release|x86 = Release|x86
	EndGlobalSection
	GlobalSection(ProjectConfigurationPlatforms) = postSolution
		{720864B7-2510-4225-8E8C-95B76CA6412F}.Debug|Any CPU.ActiveCfg = Debug|Any CPU
		{720864B7-2510-4225-8E8C-95B76CA6412F}.Debug|Any CPU.Build.0 = Debug|Any CPU
		{720864B7-2510-4225-8E8C-95B76CA6412F}.Debug|x64.ActiveCfg = Debug|Any CPU
		{720864B7-2510-4225-8E8C-95B76CA6412F}.Debug|x64.Build.0 = Debug|Any CPU
		{720864B7-2510-4225-8E8C-95B76CA6412F}.Debug|x86.ActiveCfg = Debug|Any CPU
		{720864B7-2510-4225-8E8C-95B76CA6412F}.Debug|x86.Build.0 = Debug|Any CPU
		{720864B7-2510-4225-8E8C-95B76CA6412F}.Release|Any CPU.ActiveCfg = Release|Any CPU
		{720864B7-2510-4225-8E8C-95B76CA6412F}.Release|Any CPU.Build.0 = Release|Any CPU
		{720864B7-2510-4225-8E8C-95B76CA6412F}.Release|x64.ActiveCfg = Release|Any CPU
		{720864B7-2510-4225-8E8C-95B76CA6412F}.Release|x64.Build.0 = Release|Any CPU
		{720864B7-2510-4225-8E8C-95B76CA6412F}.Release|x86.ActiveCfg = Release|Any CPU
		{720864B7-2510-4225-8E8C-95B76CA6412F}.Release|x86.Build.0 = Release|Any CPU
		{5509ED74-46E5-4ECD-95A8-AC88635D63E3}.Debug|Any CPU.ActiveCfg = Debug|Any CPU
		{5509ED74-46E5-4ECD-95A8-AC88635D63E3}.Debug|Any CPU.Build.0 = Debug|Any CPU
		{5509ED74-46E5-4ECD-95A8-AC88635D63E3}.Debug|x64.ActiveCfg = Debug|Any CPU
		{5509ED74-46E5-4ECD-95A8-AC88635D63E3}.Debug|x64.Build.0 = Debug|Any CPU
		{5509ED74-46E5-4ECD-95A8-AC88635D63E3}.Debug|x86.ActiveCfg = Debug|Any CPU
		{5509ED74-46E5-4ECD-95A8-AC88635D63E3}.Debug|x86.Build.0 = Debug|Any CPU
		{5509ED74-46E5-4ECD-95A8-AC88635D63E3}.Release|Any CPU.ActiveCfg = Release|Any CPU
		{5509ED74-46E5-4ECD-95A8-AC88635D63E3}.Release|Any CPU.Build.0 = Release|Any CPU
		{5509ED74-46E5-4ECD-95A8-AC88635D63E3}.Release|x64.ActiveCfg = Release|Any CPU
		{5509ED74-46E5-4ECD-95A8-AC88635D63E3}.Release|x64.Build.0 = Release|Any CPU
		{5509ED74-46E5-4ECD-95A8-AC88635D63E3}.Release|x86.ActiveCfg = Release|Any CPU
		{5509ED74-46E5-4ECD-95A8-AC88635D63E3}.Release|x86.Build.0 = Release|Any CPU
		{1B5F5453-E5B3-4A87-99DA-724421A9851C}.Debug|Any CPU.ActiveCfg = Debug|Any CPU
		{1B5F5453-E5B3-4A87-99DA-724421A9851C}.Debug|Any CPU.Build.0 = Debug|Any CPU
		{1B5F5453-E5B3-4A87-99DA-724421A9851C}.Debug|x64.ActiveCfg = Debug|Any CPU
		{1B5F5453-E5B3-4A87-99DA-724421A9851C}.Debug|x64.Build.0 = Debug|Any CPU
		{1B5F5453-E5B3-4A87-99DA-724421A9851C}.Debug|x86.ActiveCfg = Debug|Any CPU
		{1B5F5453-E5B3-4A87-99DA-724421A9851C}.Debug|x86.Build.0 = Debug|Any CPU
		{1B5F5453-E5B3-4A87-99DA-724421A9851C}.Release|Any CPU.ActiveCfg = Release|Any CPU
		{1B5F5453-E5B3-4A87-99DA-724421A9851C}.Release|Any CPU.Build.0 = Release|Any CPU
		{1B5F5453-E5B3-4A87-99DA-724421A9851C}.Release|x64.ActiveCfg = Release|Any CPU
		{1B5F5453-E5B3-4A87-99DA-724421A9851C}.Release|x64.Build.0 = Release|Any CPU
		{1B5F5453-E5B3-4A87-99DA-724421A9851C}.Release|x86.ActiveCfg = Release|Any CPU
		{1B5F5453-E5B3-4A87-99DA-724421A9851C}.Release|x86.Build.0 = Release|Any CPU
		{2682C196-A86C-4F1F-B6B9-0511E5BB7A31}.Debug|Any CPU.ActiveCfg = Debug|Any CPU
		{2682C196-A86C-4F1F-B6B9-0511E5BB7A31}.Debug|Any CPU.Build.0 = Debug|Any CPU
		{2682C196-A86C-4F1F-B6B9-0511E5BB7A31}.Debug|x64.ActiveCfg = Debug|Any CPU
		{2682C196-A86C-4F1F-B6B9-0511E5BB7A31}.Debug|x64.Build.0 = Debug|Any CPU
		{2682C196-A86C-4F1F-B6B9-0511E5BB7A31}.Debug|x86.ActiveCfg = Debug|Any CPU
		{2682C196-A86C-4F1F-B6B9-0511E5BB7A31}.Debug|x86.Build.0 = Debug|Any CPU
		{2682C196-A86C-4F1F-B6B9-0511E5BB7A31}.Release|Any CPU.ActiveCfg = Release|Any CPU
		{2682C196-A86C-4F1F-B6B9-0511E5BB7A31}.Release|Any CPU.Build.0 = Release|Any CPU
		{2682C196-A86C-4F1F-B6B9-0511E5BB7A31}.Release|x64.ActiveCfg = Release|Any CPU
		{2682C196-A86C-4F1F-B6B9-0511E5BB7A31}.Release|x64.Build.0 = Release|Any CPU
		{2682C196-A86C-4F1F-B6B9-0511E5BB7A31}.Release|x86.ActiveCfg = Release|Any CPU
		{2682C196-A86C-4F1F-B6B9-0511E5BB7A31}.Release|x86.Build.0 = Release|Any CPU
		{3E574673-9E8D-466C-944F-717C01060A08}.Debug|Any CPU.ActiveCfg = Debug|Any CPU
		{3E574673-9E8D-466C-944F-717C01060A08}.Debug|Any CPU.Build.0 = Debug|Any CPU
		{3E574673-9E8D-466C-944F-717C01060A08}.Debug|x64.ActiveCfg = Debug|Any CPU
		{3E574673-9E8D-466C-944F-717C01060A08}.Debug|x64.Build.0 = Debug|Any CPU
		{3E574673-9E8D-466C-944F-717C01060A08}.Debug|x86.ActiveCfg = Debug|Any CPU
		{3E574673-9E8D-466C-944F-717C01060A08}.Debug|x86.Build.0 = Debug|Any CPU
		{3E574673-9E8D-466C-944F-717C01060A08}.Release|Any CPU.ActiveCfg = Release|Any CPU
		{3E574673-9E8D-466C-944F-717C01060A08}.Release|Any CPU.Build.0 = Release|Any CPU
		{3E574673-9E8D-466C-944F-717C01060A08}.Release|x64.ActiveCfg = Release|Any CPU
		{3E574673-9E8D-466C-944F-717C01060A08}.Release|x64.Build.0 = Release|Any CPU
		{3E574673-9E8D-466C-944F-717C01060A08}.Release|x86.ActiveCfg = Release|Any CPU
		{3E574673-9E8D-466C-944F-717C01060A08}.Release|x86.Build.0 = Release|Any CPU
		{16DECD57-E32D-4477-9A84-C73B39F1FE40}.Debug|Any CPU.ActiveCfg = Debug|Any CPU
		{16DECD57-E32D-4477-9A84-C73B39F1FE40}.Debug|Any CPU.Build.0 = Debug|Any CPU
		{16DECD57-E32D-4477-9A84-C73B39F1FE40}.Debug|x64.ActiveCfg = Debug|Any CPU
		{16DECD57-E32D-4477-9A84-C73B39F1FE40}.Debug|x64.Build.0 = Debug|Any CPU
		{16DECD57-E32D-4477-9A84-C73B39F1FE40}.Debug|x86.ActiveCfg = Debug|Any CPU
		{16DECD57-E32D-4477-9A84-C73B39F1FE40}.Debug|x86.Build.0 = Debug|Any CPU
		{16DECD57-E32D-4477-9A84-C73B39F1FE40}.Release|Any CPU.ActiveCfg = Release|Any CPU
		{16DECD57-E32D-4477-9A84-C73B39F1FE40}.Release|Any CPU.Build.0 = Release|Any CPU
		{16DECD57-E32D-4477-9A84-C73B39F1FE40}.Release|x64.ActiveCfg = Release|Any CPU
		{16DECD57-E32D-4477-9A84-C73B39F1FE40}.Release|x64.Build.0 = Release|Any CPU
		{16DECD57-E32D-4477-9A84-C73B39F1FE40}.Release|x86.ActiveCfg = Release|Any CPU
		{16DECD57-E32D-4477-9A84-C73B39F1FE40}.Release|x86.Build.0 = Release|Any CPU
		{BCB7C170-1214-486B-9933-D4904A12A3D0}.Debug|Any CPU.ActiveCfg = Debug|Any CPU
		{BCB7C170-1214-486B-9933-D4904A12A3D0}.Debug|Any CPU.Build.0 = Debug|Any CPU
		{BCB7C170-1214-486B-9933-D4904A12A3D0}.Debug|x64.ActiveCfg = Debug|Any CPU
		{BCB7C170-1214-486B-9933-D4904A12A3D0}.Debug|x64.Build.0 = Debug|Any CPU
		{BCB7C170-1214-486B-9933-D4904A12A3D0}.Debug|x86.ActiveCfg = Debug|Any CPU
		{BCB7C170-1214-486B-9933-D4904A12A3D0}.Debug|x86.Build.0 = Debug|Any CPU
		{BCB7C170-1214-486B-9933-D4904A12A3D0}.Release|Any CPU.ActiveCfg = Release|Any CPU
		{BCB7C170-1214-486B-9933-D4904A12A3D0}.Release|Any CPU.Build.0 = Release|Any CPU
		{BCB7C170-1214-486B-9933-D4904A12A3D0}.Release|x64.ActiveCfg = Release|Any CPU
		{BCB7C170-1214-486B-9933-D4904A12A3D0}.Release|x64.Build.0 = Release|Any CPU
		{BCB7C170-1214-486B-9933-D4904A12A3D0}.Release|x86.ActiveCfg = Release|Any CPU
		{BCB7C170-1214-486B-9933-D4904A12A3D0}.Release|x86.Build.0 = Release|Any CPU
		{4F8BFE7F-1370-4601-82F1-A7AFC0C5B78E}.Debug|Any CPU.ActiveCfg = Debug|Any CPU
		{4F8BFE7F-1370-4601-82F1-A7AFC0C5B78E}.Debug|Any CPU.Build.0 = Debug|Any CPU
		{4F8BFE7F-1370-4601-82F1-A7AFC0C5B78E}.Debug|x64.ActiveCfg = Debug|Any CPU
		{4F8BFE7F-1370-4601-82F1-A7AFC0C5B78E}.Debug|x64.Build.0 = Debug|Any CPU
		{4F8BFE7F-1370-4601-82F1-A7AFC0C5B78E}.Debug|x86.ActiveCfg = Debug|Any CPU
		{4F8BFE7F-1370-4601-82F1-A7AFC0C5B78E}.Debug|x86.Build.0 = Debug|Any CPU
		{4F8BFE7F-1370-4601-82F1-A7AFC0C5B78E}.Release|Any CPU.ActiveCfg = Release|Any CPU
		{4F8BFE7F-1370-4601-82F1-A7AFC0C5B78E}.Release|Any CPU.Build.0 = Release|Any CPU
		{4F8BFE7F-1370-4601-82F1-A7AFC0C5B78E}.Release|x64.ActiveCfg = Release|Any CPU
		{4F8BFE7F-1370-4601-82F1-A7AFC0C5B78E}.Release|x64.Build.0 = Release|Any CPU
		{4F8BFE7F-1370-4601-82F1-A7AFC0C5B78E}.Release|x86.ActiveCfg = Release|Any CPU
		{4F8BFE7F-1370-4601-82F1-A7AFC0C5B78E}.Release|x86.Build.0 = Release|Any CPU
		{1AA46A69-F6BD-4BED-9CD4-CAD9DF4BE09F}.Debug|Any CPU.ActiveCfg = Debug|Any CPU
		{1AA46A69-F6BD-4BED-9CD4-CAD9DF4BE09F}.Debug|Any CPU.Build.0 = Debug|Any CPU
		{1AA46A69-F6BD-4BED-9CD4-CAD9DF4BE09F}.Debug|x64.ActiveCfg = Debug|Any CPU
		{1AA46A69-F6BD-4BED-9CD4-CAD9DF4BE09F}.Debug|x64.Build.0 = Debug|Any CPU
		{1AA46A69-F6BD-4BED-9CD4-CAD9DF4BE09F}.Debug|x86.ActiveCfg = Debug|Any CPU
		{1AA46A69-F6BD-4BED-9CD4-CAD9DF4BE09F}.Debug|x86.Build.0 = Debug|Any CPU
		{1AA46A69-F6BD-4BED-9CD4-CAD9DF4BE09F}.Release|Any CPU.ActiveCfg = Release|Any CPU
		{1AA46A69-F6BD-4BED-9CD4-CAD9DF4BE09F}.Release|Any CPU.Build.0 = Release|Any CPU
		{1AA46A69-F6BD-4BED-9CD4-CAD9DF4BE09F}.Release|x64.ActiveCfg = Release|Any CPU
		{1AA46A69-F6BD-4BED-9CD4-CAD9DF4BE09F}.Release|x64.Build.0 = Release|Any CPU
		{1AA46A69-F6BD-4BED-9CD4-CAD9DF4BE09F}.Release|x86.ActiveCfg = Release|Any CPU
		{1AA46A69-F6BD-4BED-9CD4-CAD9DF4BE09F}.Release|x86.Build.0 = Release|Any CPU
		{CB105E25-CBFB-4002-AD39-26F45F5779D1}.Debug|Any CPU.ActiveCfg = Debug|Any CPU
		{CB105E25-CBFB-4002-AD39-26F45F5779D1}.Debug|Any CPU.Build.0 = Debug|Any CPU
		{CB105E25-CBFB-4002-AD39-26F45F5779D1}.Debug|x64.ActiveCfg = Debug|Any CPU
		{CB105E25-CBFB-4002-AD39-26F45F5779D1}.Debug|x64.Build.0 = Debug|Any CPU
		{CB105E25-CBFB-4002-AD39-26F45F5779D1}.Debug|x86.ActiveCfg = Debug|Any CPU
		{CB105E25-CBFB-4002-AD39-26F45F5779D1}.Debug|x86.Build.0 = Debug|Any CPU
		{CB105E25-CBFB-4002-AD39-26F45F5779D1}.Release|Any CPU.ActiveCfg = Release|Any CPU
		{CB105E25-CBFB-4002-AD39-26F45F5779D1}.Release|Any CPU.Build.0 = Release|Any CPU
		{CB105E25-CBFB-4002-AD39-26F45F5779D1}.Release|x64.ActiveCfg = Release|Any CPU
		{CB105E25-CBFB-4002-AD39-26F45F5779D1}.Release|x64.Build.0 = Release|Any CPU
		{CB105E25-CBFB-4002-AD39-26F45F5779D1}.Release|x86.ActiveCfg = Release|Any CPU
		{CB105E25-CBFB-4002-AD39-26F45F5779D1}.Release|x86.Build.0 = Release|Any CPU
		{DD79FF30-7E86-41CE-8A35-00FCC50D2252}.Debug|Any CPU.ActiveCfg = Debug|Any CPU
		{DD79FF30-7E86-41CE-8A35-00FCC50D2252}.Debug|Any CPU.Build.0 = Debug|Any CPU
		{DD79FF30-7E86-41CE-8A35-00FCC50D2252}.Debug|x64.ActiveCfg = Debug|Any CPU
		{DD79FF30-7E86-41CE-8A35-00FCC50D2252}.Debug|x64.Build.0 = Debug|Any CPU
		{DD79FF30-7E86-41CE-8A35-00FCC50D2252}.Debug|x86.ActiveCfg = Debug|Any CPU
		{DD79FF30-7E86-41CE-8A35-00FCC50D2252}.Debug|x86.Build.0 = Debug|Any CPU
		{DD79FF30-7E86-41CE-8A35-00FCC50D2252}.Release|Any CPU.ActiveCfg = Release|Any CPU
		{DD79FF30-7E86-41CE-8A35-00FCC50D2252}.Release|Any CPU.Build.0 = Release|Any CPU
		{DD79FF30-7E86-41CE-8A35-00FCC50D2252}.Release|x64.ActiveCfg = Release|Any CPU
		{DD79FF30-7E86-41CE-8A35-00FCC50D2252}.Release|x64.Build.0 = Release|Any CPU
		{DD79FF30-7E86-41CE-8A35-00FCC50D2252}.Release|x86.ActiveCfg = Release|Any CPU
		{DD79FF30-7E86-41CE-8A35-00FCC50D2252}.Release|x86.Build.0 = Release|Any CPU
		{9AF9F1A6-9A96-4E15-97A9-17A4996FE110}.Debug|Any CPU.ActiveCfg = Debug|Any CPU
		{9AF9F1A6-9A96-4E15-97A9-17A4996FE110}.Debug|Any CPU.Build.0 = Debug|Any CPU
		{9AF9F1A6-9A96-4E15-97A9-17A4996FE110}.Debug|x64.ActiveCfg = Debug|Any CPU
		{9AF9F1A6-9A96-4E15-97A9-17A4996FE110}.Debug|x64.Build.0 = Debug|Any CPU
		{9AF9F1A6-9A96-4E15-97A9-17A4996FE110}.Debug|x86.ActiveCfg = Debug|Any CPU
		{9AF9F1A6-9A96-4E15-97A9-17A4996FE110}.Debug|x86.Build.0 = Debug|Any CPU
		{9AF9F1A6-9A96-4E15-97A9-17A4996FE110}.Release|Any CPU.ActiveCfg = Release|Any CPU
		{9AF9F1A6-9A96-4E15-97A9-17A4996FE110}.Release|Any CPU.Build.0 = Release|Any CPU
		{9AF9F1A6-9A96-4E15-97A9-17A4996FE110}.Release|x64.ActiveCfg = Release|Any CPU
		{9AF9F1A6-9A96-4E15-97A9-17A4996FE110}.Release|x64.Build.0 = Release|Any CPU
		{9AF9F1A6-9A96-4E15-97A9-17A4996FE110}.Release|x86.ActiveCfg = Release|Any CPU
		{9AF9F1A6-9A96-4E15-97A9-17A4996FE110}.Release|x86.Build.0 = Release|Any CPU
		{4E19AEDB-C392-41BA-AF6F-FDB015DC3EA3}.Debug|Any CPU.ActiveCfg = Debug|Any CPU
		{4E19AEDB-C392-41BA-AF6F-FDB015DC3EA3}.Debug|Any CPU.Build.0 = Debug|Any CPU
		{4E19AEDB-C392-41BA-AF6F-FDB015DC3EA3}.Debug|x64.ActiveCfg = Debug|Any CPU
		{4E19AEDB-C392-41BA-AF6F-FDB015DC3EA3}.Debug|x64.Build.0 = Debug|Any CPU
		{4E19AEDB-C392-41BA-AF6F-FDB015DC3EA3}.Debug|x86.ActiveCfg = Debug|Any CPU
		{4E19AEDB-C392-41BA-AF6F-FDB015DC3EA3}.Debug|x86.Build.0 = Debug|Any CPU
		{4E19AEDB-C392-41BA-AF6F-FDB015DC3EA3}.Release|Any CPU.ActiveCfg = Release|Any CPU
		{4E19AEDB-C392-41BA-AF6F-FDB015DC3EA3}.Release|Any CPU.Build.0 = Release|Any CPU
		{4E19AEDB-C392-41BA-AF6F-FDB015DC3EA3}.Release|x64.ActiveCfg = Release|Any CPU
		{4E19AEDB-C392-41BA-AF6F-FDB015DC3EA3}.Release|x64.Build.0 = Release|Any CPU
		{4E19AEDB-C392-41BA-AF6F-FDB015DC3EA3}.Release|x86.ActiveCfg = Release|Any CPU
		{4E19AEDB-C392-41BA-AF6F-FDB015DC3EA3}.Release|x86.Build.0 = Release|Any CPU
		{4A8C7B47-6A77-47D0-BEAC-7BF2C4952B31}.Debug|Any CPU.ActiveCfg = Debug|Any CPU
		{4A8C7B47-6A77-47D0-BEAC-7BF2C4952B31}.Debug|Any CPU.Build.0 = Debug|Any CPU
		{4A8C7B47-6A77-47D0-BEAC-7BF2C4952B31}.Debug|x64.ActiveCfg = Debug|Any CPU
		{4A8C7B47-6A77-47D0-BEAC-7BF2C4952B31}.Debug|x64.Build.0 = Debug|Any CPU
		{4A8C7B47-6A77-47D0-BEAC-7BF2C4952B31}.Debug|x86.ActiveCfg = Debug|Any CPU
		{4A8C7B47-6A77-47D0-BEAC-7BF2C4952B31}.Debug|x86.Build.0 = Debug|Any CPU
		{4A8C7B47-6A77-47D0-BEAC-7BF2C4952B31}.Release|Any CPU.ActiveCfg = Release|Any CPU
		{4A8C7B47-6A77-47D0-BEAC-7BF2C4952B31}.Release|Any CPU.Build.0 = Release|Any CPU
		{4A8C7B47-6A77-47D0-BEAC-7BF2C4952B31}.Release|x64.ActiveCfg = Release|Any CPU
		{4A8C7B47-6A77-47D0-BEAC-7BF2C4952B31}.Release|x64.Build.0 = Release|Any CPU
		{4A8C7B47-6A77-47D0-BEAC-7BF2C4952B31}.Release|x86.ActiveCfg = Release|Any CPU
		{4A8C7B47-6A77-47D0-BEAC-7BF2C4952B31}.Release|x86.Build.0 = Release|Any CPU
		{4E0D02E7-63E8-4A94-ABBC-A672EE527639}.Debug|Any CPU.ActiveCfg = Debug|Any CPU
		{4E0D02E7-63E8-4A94-ABBC-A672EE527639}.Debug|Any CPU.Build.0 = Debug|Any CPU
		{4E0D02E7-63E8-4A94-ABBC-A672EE527639}.Debug|x64.ActiveCfg = Debug|Any CPU
		{4E0D02E7-63E8-4A94-ABBC-A672EE527639}.Debug|x64.Build.0 = Debug|Any CPU
		{4E0D02E7-63E8-4A94-ABBC-A672EE527639}.Debug|x86.ActiveCfg = Debug|Any CPU
		{4E0D02E7-63E8-4A94-ABBC-A672EE527639}.Debug|x86.Build.0 = Debug|Any CPU
		{4E0D02E7-63E8-4A94-ABBC-A672EE527639}.Release|Any CPU.ActiveCfg = Release|Any CPU
		{4E0D02E7-63E8-4A94-ABBC-A672EE527639}.Release|Any CPU.Build.0 = Release|Any CPU
		{4E0D02E7-63E8-4A94-ABBC-A672EE527639}.Release|x64.ActiveCfg = Release|Any CPU
		{4E0D02E7-63E8-4A94-ABBC-A672EE527639}.Release|x64.Build.0 = Release|Any CPU
		{4E0D02E7-63E8-4A94-ABBC-A672EE527639}.Release|x86.ActiveCfg = Release|Any CPU
		{4E0D02E7-63E8-4A94-ABBC-A672EE527639}.Release|x86.Build.0 = Release|Any CPU
	EndGlobalSection
	GlobalSection(SolutionProperties) = preSolution
		HideSolutionNode = FALSE
	EndGlobalSection
	GlobalSection(NestedProjects) = preSolution
		{720864B7-2510-4225-8E8C-95B76CA6412F} = {52AD2564-92E7-4BEC-BE3A-F2C4E4F841B1}
		{5509ED74-46E5-4ECD-95A8-AC88635D63E3} = {52AD2564-92E7-4BEC-BE3A-F2C4E4F841B1}
		{1B5F5453-E5B3-4A87-99DA-724421A9851C} = {52AD2564-92E7-4BEC-BE3A-F2C4E4F841B1}
		{2682C196-A86C-4F1F-B6B9-0511E5BB7A31} = {52AD2564-92E7-4BEC-BE3A-F2C4E4F841B1}
		{3E574673-9E8D-466C-944F-717C01060A08} = {52AD2564-92E7-4BEC-BE3A-F2C4E4F841B1}
		{16DECD57-E32D-4477-9A84-C73B39F1FE40} = {52AD2564-92E7-4BEC-BE3A-F2C4E4F841B1}
		{BCB7C170-1214-486B-9933-D4904A12A3D0} = {28C4EC63-349A-4D4E-8831-77D014AAE188}
		{4F8BFE7F-1370-4601-82F1-A7AFC0C5B78E} = {28C4EC63-349A-4D4E-8831-77D014AAE188}
		{1AA46A69-F6BD-4BED-9CD4-CAD9DF4BE09F} = {28C4EC63-349A-4D4E-8831-77D014AAE188}
		{CB105E25-CBFB-4002-AD39-26F45F5779D1} = {28C4EC63-349A-4D4E-8831-77D014AAE188}
		{DD79FF30-7E86-41CE-8A35-00FCC50D2252} = {52AD2564-92E7-4BEC-BE3A-F2C4E4F841B1}
		{9AF9F1A6-9A96-4E15-97A9-17A4996FE110} = {52AD2564-92E7-4BEC-BE3A-F2C4E4F841B1}
		{4E19AEDB-C392-41BA-AF6F-FDB015DC3EA3} = {52AD2564-92E7-4BEC-BE3A-F2C4E4F841B1}
		{4A8C7B47-6A77-47D0-BEAC-7BF2C4952B31} = {52AD2564-92E7-4BEC-BE3A-F2C4E4F841B1}
		{4E0D02E7-63E8-4A94-ABBC-A672EE527639} = {52AD2564-92E7-4BEC-BE3A-F2C4E4F841B1}
	EndGlobalSection
	GlobalSection(ExtensibilityGlobals) = postSolution
		SolutionGuid = {40CA755A-A917-468D-80F2-E4988A5ECE5C}
	EndGlobalSection
EndGlobal
