
Microsoft Visual Studio Solution File, Format Version 12.00
# Visual Studio Version 17
VisualStudioVersion = 17.1.32421.90
MinimumVisualStudioVersion = 10.0.40219.1
Project("{FAE04EC0-301F-11D3-BF4B-00C04F79EFBC}") = "cRPG", "cRPGUpdater\cRPG.csproj", "{1A07C47A-1502-4AA0-803F-C3E318B25D55}"
EndProject
Global
	GlobalSection(SolutionConfigurationPlatforms) = preSolution
		Debug|Any CPU = Debug|Any CPU
		Release|Any CPU = Release|Any CPU
	EndGlobalSection
	GlobalSection(ProjectConfigurationPlatforms) = postSolution
		{1A07C47A-1502-4AA0-803F-C3E318B25D55}.Debug|Any CPU.ActiveCfg = Debug|Any CPU
		{1A07C47A-1502-4AA0-803F-C3E318B25D55}.Debug|Any CPU.Build.0 = Debug|Any CPU
		{1A07C47A-1502-4AA0-803F-C3E318B25D55}.Release|Any CPU.ActiveCfg = Release|Any CPU
		{1A07C47A-1502-4AA0-803F-C3E318B25D55}.Release|Any CPU.Build.0 = Release|Any CPU
	EndGlobalSection
	GlobalSection(SolutionProperties) = preSolution
		HideSolutionNode = FALSE
	EndGlobalSection
	GlobalSection(ExtensibilityGlobals) = postSolution
		SolutionGuid = {9E1C20A3-924D-4008-991A-42B8FC868998}
	EndGlobalSection
EndGlobal
